
Microsoft Visual Studio Solution File, Format Version 12.00
# Visual Studio 15
VisualStudioVersion = 15.0.27703.2035
MinimumVisualStudioVersion = 10.0.40219.1
Project("{FAE04EC0-301F-11D3-BF4B-00C04F79EFBC}") = "WiklinClient.Android", "WiklinClient\WiklinClient.Android\WiklinClient.Android.csproj", "{0B598A9D-33DB-44DE-9654-7BDBB741850C}"
EndProject
Project("{FAE04EC0-301F-11D3-BF4B-00C04F79EFBC}") = "WiklinClient.iOS", "WiklinClient\WiklinClient.iOS\WiklinClient.iOS.csproj", "{F2B06319-D0CA-4CDD-9F66-449C5D3F3510}"
EndProject
Project("{FAE04EC0-301F-11D3-BF4B-00C04F79EFBC}") = "WiklinClient.UWP", "WiklinClient\WiklinClient.UWP\WiklinClient.UWP.csproj", "{912281BF-FE47-4EDC-BB94-DF9E10FCC8B2}"
EndProject
Project("{FAE04EC0-301F-11D3-BF4B-00C04F79EFBC}") = "WiklinClient.MobileAppService", "WiklinClient\WiklinClient.MobileAppService\WiklinClient.MobileAppService.csproj", "{D6656D1E-0AE2-427B-B2BD-2FE27B236DCE}"
EndProject
Project("{FAE04EC0-301F-11D3-BF4B-00C04F79EFBC}") = "WiklinClient", "WiklinClient\WiklinClient\WiklinClient.csproj", "{C35A43B2-B11E-47F2-B118-49B5E6E2DD33}"
EndProject
Global
	GlobalSection(SolutionConfigurationPlatforms) = preSolution
		Debug|Any CPU = Debug|Any CPU
		Debug|ARM = Debug|ARM
		Debug|iPhone = Debug|iPhone
		Debug|iPhoneSimulator = Debug|iPhoneSimulator
		Debug|x64 = Debug|x64
		Debug|x86 = Debug|x86
		Release|Any CPU = Release|Any CPU
		Release|ARM = Release|ARM
		Release|iPhone = Release|iPhone
		Release|iPhoneSimulator = Release|iPhoneSimulator
		Release|x64 = Release|x64
		Release|x86 = Release|x86
	EndGlobalSection
	GlobalSection(ProjectConfigurationPlatforms) = postSolution
		{0B598A9D-33DB-44DE-9654-7BDBB741850C}.Debug|Any CPU.ActiveCfg = Debug|Any CPU
		{0B598A9D-33DB-44DE-9654-7BDBB741850C}.Debug|Any CPU.Build.0 = Debug|Any CPU
		{0B598A9D-33DB-44DE-9654-7BDBB741850C}.Debug|Any CPU.Deploy.0 = Debug|Any CPU
		{0B598A9D-33DB-44DE-9654-7BDBB741850C}.Debug|ARM.ActiveCfg = Debug|Any CPU
		{0B598A9D-33DB-44DE-9654-7BDBB741850C}.Debug|ARM.Build.0 = Debug|Any CPU
		{0B598A9D-33DB-44DE-9654-7BDBB741850C}.Debug|ARM.Deploy.0 = Debug|Any CPU
		{0B598A9D-33DB-44DE-9654-7BDBB741850C}.Debug|iPhone.ActiveCfg = Debug|Any CPU
		{0B598A9D-33DB-44DE-9654-7BDBB741850C}.Debug|iPhone.Build.0 = Debug|Any CPU
		{0B598A9D-33DB-44DE-9654-7BDBB741850C}.Debug|iPhone.Deploy.0 = Debug|Any CPU
		{0B598A9D-33DB-44DE-9654-7BDBB741850C}.Debug|iPhoneSimulator.ActiveCfg = Debug|Any CPU
		{0B598A9D-33DB-44DE-9654-7BDBB741850C}.Debug|iPhoneSimulator.Build.0 = Debug|Any CPU
		{0B598A9D-33DB-44DE-9654-7BDBB741850C}.Debug|iPhoneSimulator.Deploy.0 = Debug|Any CPU
		{0B598A9D-33DB-44DE-9654-7BDBB741850C}.Debug|x64.ActiveCfg = Debug|Any CPU
		{0B598A9D-33DB-44DE-9654-7BDBB741850C}.Debug|x64.Build.0 = Debug|Any CPU
		{0B598A9D-33DB-44DE-9654-7BDBB741850C}.Debug|x64.Deploy.0 = Debug|Any CPU
		{0B598A9D-33DB-44DE-9654-7BDBB741850C}.Debug|x86.ActiveCfg = Debug|Any CPU
		{0B598A9D-33DB-44DE-9654-7BDBB741850C}.Debug|x86.Build.0 = Debug|Any CPU
		{0B598A9D-33DB-44DE-9654-7BDBB741850C}.Debug|x86.Deploy.0 = Debug|Any CPU
		{0B598A9D-33DB-44DE-9654-7BDBB741850C}.Release|Any CPU.ActiveCfg = Release|Any CPU
		{0B598A9D-33DB-44DE-9654-7BDBB741850C}.Release|Any CPU.Build.0 = Release|Any CPU
		{0B598A9D-33DB-44DE-9654-7BDBB741850C}.Release|Any CPU.Deploy.0 = Release|Any CPU
		{0B598A9D-33DB-44DE-9654-7BDBB741850C}.Release|ARM.ActiveCfg = Release|Any CPU
		{0B598A9D-33DB-44DE-9654-7BDBB741850C}.Release|ARM.Build.0 = Release|Any CPU
		{0B598A9D-33DB-44DE-9654-7BDBB741850C}.Release|ARM.Deploy.0 = Release|Any CPU
		{0B598A9D-33DB-44DE-9654-7BDBB741850C}.Release|iPhone.ActiveCfg = Release|Any CPU
		{0B598A9D-33DB-44DE-9654-7BDBB741850C}.Release|iPhone.Build.0 = Release|Any CPU
		{0B598A9D-33DB-44DE-9654-7BDBB741850C}.Release|iPhone.Deploy.0 = Release|Any CPU
		{0B598A9D-33DB-44DE-9654-7BDBB741850C}.Release|iPhoneSimulator.ActiveCfg = Release|Any CPU
		{0B598A9D-33DB-44DE-9654-7BDBB741850C}.Release|iPhoneSimulator.Build.0 = Release|Any CPU
		{0B598A9D-33DB-44DE-9654-7BDBB741850C}.Release|iPhoneSimulator.Deploy.0 = Release|Any CPU
		{0B598A9D-33DB-44DE-9654-7BDBB741850C}.Release|x64.ActiveCfg = Release|Any CPU
		{0B598A9D-33DB-44DE-9654-7BDBB741850C}.Release|x64.Build.0 = Release|Any CPU
		{0B598A9D-33DB-44DE-9654-7BDBB741850C}.Release|x64.Deploy.0 = Release|Any CPU
		{0B598A9D-33DB-44DE-9654-7BDBB741850C}.Release|x86.ActiveCfg = Release|Any CPU
		{0B598A9D-33DB-44DE-9654-7BDBB741850C}.Release|x86.Build.0 = Release|Any CPU
		{0B598A9D-33DB-44DE-9654-7BDBB741850C}.Release|x86.Deploy.0 = Release|Any CPU
		{F2B06319-D0CA-4CDD-9F66-449C5D3F3510}.Debug|Any CPU.ActiveCfg = Debug|iPhone
		{F2B06319-D0CA-4CDD-9F66-449C5D3F3510}.Debug|ARM.ActiveCfg = Debug|iPhone
		{F2B06319-D0CA-4CDD-9F66-449C5D3F3510}.Debug|iPhone.ActiveCfg = Debug|iPhone
		{F2B06319-D0CA-4CDD-9F66-449C5D3F3510}.Debug|iPhone.Build.0 = Debug|iPhone
		{F2B06319-D0CA-4CDD-9F66-449C5D3F3510}.Debug|iPhoneSimulator.ActiveCfg = Debug|iPhoneSimulator
		{F2B06319-D0CA-4CDD-9F66-449C5D3F3510}.Debug|iPhoneSimulator.Build.0 = Debug|iPhoneSimulator
		{F2B06319-D0CA-4CDD-9F66-449C5D3F3510}.Debug|x64.ActiveCfg = Debug|iPhone
		{F2B06319-D0CA-4CDD-9F66-449C5D3F3510}.Debug|x86.ActiveCfg = Debug|iPhone
		{F2B06319-D0CA-4CDD-9F66-449C5D3F3510}.Release|Any CPU.ActiveCfg = Release|iPhone
		{F2B06319-D0CA-4CDD-9F66-449C5D3F3510}.Release|ARM.ActiveCfg = Release|iPhone
		{F2B06319-D0CA-4CDD-9F66-449C5D3F3510}.Release|iPhone.ActiveCfg = Release|iPhone
		{F2B06319-D0CA-4CDD-9F66-449C5D3F3510}.Release|iPhone.Build.0 = Release|iPhone
		{F2B06319-D0CA-4CDD-9F66-449C5D3F3510}.Release|iPhoneSimulator.ActiveCfg = Release|iPhoneSimulator
		{F2B06319-D0CA-4CDD-9F66-449C5D3F3510}.Release|iPhoneSimulator.Build.0 = Release|iPhoneSimulator
		{F2B06319-D0CA-4CDD-9F66-449C5D3F3510}.Release|x64.ActiveCfg = Release|iPhone
		{F2B06319-D0CA-4CDD-9F66-449C5D3F3510}.Release|x86.ActiveCfg = Release|iPhone
		{912281BF-FE47-4EDC-BB94-DF9E10FCC8B2}.Debug|Any CPU.ActiveCfg = Debug|x86
		{912281BF-FE47-4EDC-BB94-DF9E10FCC8B2}.Debug|ARM.ActiveCfg = Debug|ARM
		{912281BF-FE47-4EDC-BB94-DF9E10FCC8B2}.Debug|ARM.Build.0 = Debug|ARM
		{912281BF-FE47-4EDC-BB94-DF9E10FCC8B2}.Debug|ARM.Deploy.0 = Debug|ARM
		{912281BF-FE47-4EDC-BB94-DF9E10FCC8B2}.Debug|iPhone.ActiveCfg = Debug|x86
		{912281BF-FE47-4EDC-BB94-DF9E10FCC8B2}.Debug|iPhoneSimulator.ActiveCfg = Debug|x86
		{912281BF-FE47-4EDC-BB94-DF9E10FCC8B2}.Debug|x64.ActiveCfg = Debug|x64
		{912281BF-FE47-4EDC-BB94-DF9E10FCC8B2}.Debug|x64.Build.0 = Debug|x64
		{912281BF-FE47-4EDC-BB94-DF9E10FCC8B2}.Debug|x64.Deploy.0 = Debug|x64
		{912281BF-FE47-4EDC-BB94-DF9E10FCC8B2}.Debug|x86.ActiveCfg = Debug|x86
		{912281BF-FE47-4EDC-BB94-DF9E10FCC8B2}.Debug|x86.Build.0 = Debug|x86
		{912281BF-FE47-4EDC-BB94-DF9E10FCC8B2}.Debug|x86.Deploy.0 = Debug|x86
		{912281BF-FE47-4EDC-BB94-DF9E10FCC8B2}.Release|Any CPU.ActiveCfg = Release|x86
		{912281BF-FE47-4EDC-BB94-DF9E10FCC8B2}.Release|ARM.ActiveCfg = Release|ARM
		{912281BF-FE47-4EDC-BB94-DF9E10FCC8B2}.Release|ARM.Build.0 = Release|ARM
		{912281BF-FE47-4EDC-BB94-DF9E10FCC8B2}.Release|ARM.Deploy.0 = Release|ARM
		{912281BF-FE47-4EDC-BB94-DF9E10FCC8B2}.Release|iPhone.ActiveCfg = Release|x86
		{912281BF-FE47-4EDC-BB94-DF9E10FCC8B2}.Release|iPhoneSimulator.ActiveCfg = Release|x86
		{912281BF-FE47-4EDC-BB94-DF9E10FCC8B2}.Release|x64.ActiveCfg = Release|x64
		{912281BF-FE47-4EDC-BB94-DF9E10FCC8B2}.Release|x64.Build.0 = Release|x64
		{912281BF-FE47-4EDC-BB94-DF9E10FCC8B2}.Release|x64.Deploy.0 = Release|x64
		{912281BF-FE47-4EDC-BB94-DF9E10FCC8B2}.Release|x86.ActiveCfg = Release|x86
		{912281BF-FE47-4EDC-BB94-DF9E10FCC8B2}.Release|x86.Build.0 = Release|x86
		{912281BF-FE47-4EDC-BB94-DF9E10FCC8B2}.Release|x86.Deploy.0 = Release|x86
		{D6656D1E-0AE2-427B-B2BD-2FE27B236DCE}.Debug|Any CPU.ActiveCfg = Debug|Any CPU
		{D6656D1E-0AE2-427B-B2BD-2FE27B236DCE}.Debug|Any CPU.Build.0 = Debug|Any CPU
		{D6656D1E-0AE2-427B-B2BD-2FE27B236DCE}.Debug|ARM.ActiveCfg = Debug|Any CPU
		{D6656D1E-0AE2-427B-B2BD-2FE27B236DCE}.Debug|ARM.Build.0 = Debug|Any CPU
		{D6656D1E-0AE2-427B-B2BD-2FE27B236DCE}.Debug|iPhone.ActiveCfg = Debug|Any CPU
		{D6656D1E-0AE2-427B-B2BD-2FE27B236DCE}.Debug|iPhone.Build.0 = Debug|Any CPU
		{D6656D1E-0AE2-427B-B2BD-2FE27B236DCE}.Debug|iPhoneSimulator.ActiveCfg = Debug|Any CPU
		{D6656D1E-0AE2-427B-B2BD-2FE27B236DCE}.Debug|iPhoneSimulator.Build.0 = Debug|Any CPU
		{D6656D1E-0AE2-427B-B2BD-2FE27B236DCE}.Debug|x64.ActiveCfg = Debug|Any CPU
		{D6656D1E-0AE2-427B-B2BD-2FE27B236DCE}.Debug|x64.Build.0 = Debug|Any CPU
		{D6656D1E-0AE2-427B-B2BD-2FE27B236DCE}.Debug|x86.ActiveCfg = Debug|Any CPU
		{D6656D1E-0AE2-427B-B2BD-2FE27B236DCE}.Debug|x86.Build.0 = Debug|Any CPU
		{D6656D1E-0AE2-427B-B2BD-2FE27B236DCE}.Release|Any CPU.ActiveCfg = Release|Any CPU
		{D6656D1E-0AE2-427B-B2BD-2FE27B236DCE}.Release|Any CPU.Build.0 = Release|Any CPU
		{D6656D1E-0AE2-427B-B2BD-2FE27B236DCE}.Release|ARM.ActiveCfg = Release|Any CPU
		{D6656D1E-0AE2-427B-B2BD-2FE27B236DCE}.Release|ARM.Build.0 = Release|Any CPU
		{D6656D1E-0AE2-427B-B2BD-2FE27B236DCE}.Release|iPhone.ActiveCfg = Release|Any CPU
		{D6656D1E-0AE2-427B-B2BD-2FE27B236DCE}.Release|iPhone.Build.0 = Release|Any CPU
		{D6656D1E-0AE2-427B-B2BD-2FE27B236DCE}.Release|iPhoneSimulator.ActiveCfg = Release|Any CPU
		{D6656D1E-0AE2-427B-B2BD-2FE27B236DCE}.Release|iPhoneSimulator.Build.0 = Release|Any CPU
		{D6656D1E-0AE2-427B-B2BD-2FE27B236DCE}.Release|x64.ActiveCfg = Release|Any CPU
		{D6656D1E-0AE2-427B-B2BD-2FE27B236DCE}.Release|x64.Build.0 = Release|Any CPU
		{D6656D1E-0AE2-427B-B2BD-2FE27B236DCE}.Release|x86.ActiveCfg = Release|Any CPU
		{D6656D1E-0AE2-427B-B2BD-2FE27B236DCE}.Release|x86.Build.0 = Release|Any CPU
		{C35A43B2-B11E-47F2-B118-49B5E6E2DD33}.Debug|Any CPU.ActiveCfg = Debug|Any CPU
		{C35A43B2-B11E-47F2-B118-49B5E6E2DD33}.Debug|Any CPU.Build.0 = Debug|Any CPU
		{C35A43B2-B11E-47F2-B118-49B5E6E2DD33}.Debug|ARM.ActiveCfg = Debug|Any CPU
		{C35A43B2-B11E-47F2-B118-49B5E6E2DD33}.Debug|ARM.Build.0 = Debug|Any CPU
		{C35A43B2-B11E-47F2-B118-49B5E6E2DD33}.Debug|iPhone.ActiveCfg = Debug|Any CPU
		{C35A43B2-B11E-47F2-B118-49B5E6E2DD33}.Debug|iPhone.Build.0 = Debug|Any CPU
		{C35A43B2-B11E-47F2-B118-49B5E6E2DD33}.Debug|iPhoneSimulator.ActiveCfg = Debug|Any CPU
		{C35A43B2-B11E-47F2-B118-49B5E6E2DD33}.Debug|iPhoneSimulator.Build.0 = Debug|Any CPU
		{C35A43B2-B11E-47F2-B118-49B5E6E2DD33}.Debug|x64.ActiveCfg = Debug|Any CPU
		{C35A43B2-B11E-47F2-B118-49B5E6E2DD33}.Debug|x64.Build.0 = Debug|Any CPU
		{C35A43B2-B11E-47F2-B118-49B5E6E2DD33}.Debug|x86.ActiveCfg = Debug|Any CPU
		{C35A43B2-B11E-47F2-B118-49B5E6E2DD33}.Debug|x86.Build.0 = Debug|Any CPU
		{C35A43B2-B11E-47F2-B118-49B5E6E2DD33}.Release|Any CPU.ActiveCfg = Release|Any CPU
		{C35A43B2-B11E-47F2-B118-49B5E6E2DD33}.Release|Any CPU.Build.0 = Release|Any CPU
		{C35A43B2-B11E-47F2-B118-49B5E6E2DD33}.Release|ARM.ActiveCfg = Release|Any CPU
		{C35A43B2-B11E-47F2-B118-49B5E6E2DD33}.Release|ARM.Build.0 = Release|Any CPU
		{C35A43B2-B11E-47F2-B118-49B5E6E2DD33}.Release|iPhone.ActiveCfg = Release|Any CPU
		{C35A43B2-B11E-47F2-B118-49B5E6E2DD33}.Release|iPhone.Build.0 = Release|Any CPU
		{C35A43B2-B11E-47F2-B118-49B5E6E2DD33}.Release|iPhoneSimulator.ActiveCfg = Release|Any CPU
		{C35A43B2-B11E-47F2-B118-49B5E6E2DD33}.Release|iPhoneSimulator.Build.0 = Release|Any CPU
		{C35A43B2-B11E-47F2-B118-49B5E6E2DD33}.Release|x64.ActiveCfg = Release|Any CPU
		{C35A43B2-B11E-47F2-B118-49B5E6E2DD33}.Release|x64.Build.0 = Release|Any CPU
		{C35A43B2-B11E-47F2-B118-49B5E6E2DD33}.Release|x86.ActiveCfg = Release|Any CPU
		{C35A43B2-B11E-47F2-B118-49B5E6E2DD33}.Release|x86.Build.0 = Release|Any CPU
	EndGlobalSection
	GlobalSection(SolutionProperties) = preSolution
		HideSolutionNode = FALSE
	EndGlobalSection
	GlobalSection(ExtensibilityGlobals) = postSolution
		SolutionGuid = {C76FB837-3398-4877-ADC6-C952CEE15B1D}
	EndGlobalSection
EndGlobal
